
Microsoft Visual Studio Solution File, Format Version 12.00
# Visual Studio 15
VisualStudioVersion = 15.0.28307.1022
MinimumVisualStudioVersion = 10.0.40219.1
Project("{FAE04EC0-301F-11D3-BF4B-00C04F79EFBC}") = "Lab2_V2", "Lab2_V2\Lab2_V2.csproj", "{2C07144F-F673-4EAC-B371-09516626298B}"
EndProject
Global
	GlobalSection(SolutionConfigurationPlatforms) = preSolution
		Debug|Any CPU = Debug|Any CPU
		Release|Any CPU = Release|Any CPU
	EndGlobalSection
	GlobalSection(ProjectConfigurationPlatforms) = postSolution
		{2C07144F-F673-4EAC-B371-09516626298B}.Debug|Any CPU.ActiveCfg = Debug|Any CPU
		{2C07144F-F673-4EAC-B371-09516626298B}.Debug|Any CPU.Build.0 = Debug|Any CPU
		{2C07144F-F673-4EAC-B371-09516626298B}.Release|Any CPU.ActiveCfg = Release|Any CPU
		{2C07144F-F673-4EAC-B371-09516626298B}.Release|Any CPU.Build.0 = Release|Any CPU
	EndGlobalSection
	GlobalSection(SolutionProperties) = preSolution
		HideSolutionNode = FALSE
	EndGlobalSection
	GlobalSection(ExtensibilityGlobals) = postSolution
		SolutionGuid = {AB8ACE9E-3319-4814-940B-1E258331CE28}
	EndGlobalSection
EndGlobal
