
Microsoft Visual Studio Solution File, Format Version 12.00
# Visual Studio 15
VisualStudioVersion = 15.0.28307.1022
MinimumVisualStudioVersion = 10.0.40219.1
Project("{FAE04EC0-301F-11D3-BF4B-00C04F79EFBC}") = "Lab1", "Lab1\Lab1.csproj", "{A5FA99F9-B01E-4E4A-BFA5-0E3E6F271065}"
EndProject
Global
	GlobalSection(SolutionConfigurationPlatforms) = preSolution
		Debug|Any CPU = Debug|Any CPU
		Release|Any CPU = Release|Any CPU
	EndGlobalSection
	GlobalSection(ProjectConfigurationPlatforms) = postSolution
		{A5FA99F9-B01E-4E4A-BFA5-0E3E6F271065}.Debug|Any CPU.ActiveCfg = Debug|Any CPU
		{A5FA99F9-B01E-4E4A-BFA5-0E3E6F271065}.Debug|Any CPU.Build.0 = Debug|Any CPU
		{A5FA99F9-B01E-4E4A-BFA5-0E3E6F271065}.Release|Any CPU.ActiveCfg = Release|Any CPU
		{A5FA99F9-B01E-4E4A-BFA5-0E3E6F271065}.Release|Any CPU.Build.0 = Release|Any CPU
	EndGlobalSection
	GlobalSection(SolutionProperties) = preSolution
		HideSolutionNode = FALSE
	EndGlobalSection
	GlobalSection(ExtensibilityGlobals) = postSolution
		SolutionGuid = {6A85FAB4-D9DF-4631-90B8-A4EECFCA93D2}
	EndGlobalSection
EndGlobal
