
Microsoft Visual Studio Solution File, Format Version 12.00
# Visual Studio 15
VisualStudioVersion = 15.0.28307.1022
MinimumVisualStudioVersion = 10.0.40219.1
Project("{FAE04EC0-301F-11D3-BF4B-00C04F79EFBC}") = "Lab2", "Lab2\Lab2.csproj", "{F194982B-B5C1-4CA8-8904-7F1E5915E0F3}"
EndProject
Global
	GlobalSection(SolutionConfigurationPlatforms) = preSolution
		Debug|Any CPU = Debug|Any CPU
		Release|Any CPU = Release|Any CPU
	EndGlobalSection
	GlobalSection(ProjectConfigurationPlatforms) = postSolution
		{F194982B-B5C1-4CA8-8904-7F1E5915E0F3}.Debug|Any CPU.ActiveCfg = Debug|Any CPU
		{F194982B-B5C1-4CA8-8904-7F1E5915E0F3}.Debug|Any CPU.Build.0 = Debug|Any CPU
		{F194982B-B5C1-4CA8-8904-7F1E5915E0F3}.Release|Any CPU.ActiveCfg = Release|Any CPU
		{F194982B-B5C1-4CA8-8904-7F1E5915E0F3}.Release|Any CPU.Build.0 = Release|Any CPU
	EndGlobalSection
	GlobalSection(SolutionProperties) = preSolution
		HideSolutionNode = FALSE
	EndGlobalSection
	GlobalSection(ExtensibilityGlobals) = postSolution
		SolutionGuid = {DD700D4F-58BC-4ACD-938B-05388ACC924E}
	EndGlobalSection
EndGlobal
